
Microsoft Visual Studio Solution File, Format Version 12.00
# Visual Studio Version 17
VisualStudioVersion = 17.1.32319.34
MinimumVisualStudioVersion = 10.0.40219.1
Project("{9A19103F-16F7-4668-BE54-9A1E7A4F7556}") = "FlatMVVM", "FlatMVVM\FlatMVVM.csproj", "{5C60DA8D-0216-4E51-998D-8C3B6463B247}"
EndProject
Project("{2150E333-8FDC-42A3-9474-1A3956D46DE8}") = "docs", "docs", "{DE052E59-6CBE-4C5E-BEE7-7FF413597534}"
	ProjectSection(SolutionItems) = preProject
		docs\_config.yml = docs\_config.yml
		docs\index.html = docs\index.html
	EndProjectSection
EndProject
Project("{2150E333-8FDC-42A3-9474-1A3956D46DE8}") = "readme", "readme", "{8A67A978-5808-4C3F-AC91-158129B24483}"
	ProjectSection(SolutionItems) = preProject
		README.md = README.md
	EndProjectSection
EndProject
Project("{9A19103F-16F7-4668-BE54-9A1E7A4F7556}") = "WpfCoreDemo", "WpfCoreDemo\WpfCoreDemo.csproj", "{A6D1D2D3-F195-44E1-9CAF-F50CF2B73DDF}"
EndProject
Global
	GlobalSection(SolutionConfigurationPlatforms) = preSolution
		Debug|Any CPU = Debug|Any CPU
		Release|Any CPU = Release|Any CPU
	EndGlobalSection
	GlobalSection(ProjectConfigurationPlatforms) = postSolution
		{5C60DA8D-0216-4E51-998D-8C3B6463B247}.Debug|Any CPU.ActiveCfg = Debug|Any CPU
		{5C60DA8D-0216-4E51-998D-8C3B6463B247}.Debug|Any CPU.Build.0 = Debug|Any CPU
		{5C60DA8D-0216-4E51-998D-8C3B6463B247}.Release|Any CPU.ActiveCfg = Release|Any CPU
		{5C60DA8D-0216-4E51-998D-8C3B6463B247}.Release|Any CPU.Build.0 = Release|Any CPU
		{A6D1D2D3-F195-44E1-9CAF-F50CF2B73DDF}.Debug|Any CPU.ActiveCfg = Debug|Any CPU
		{A6D1D2D3-F195-44E1-9CAF-F50CF2B73DDF}.Debug|Any CPU.Build.0 = Debug|Any CPU
		{A6D1D2D3-F195-44E1-9CAF-F50CF2B73DDF}.Release|Any CPU.ActiveCfg = Release|Any CPU
		{A6D1D2D3-F195-44E1-9CAF-F50CF2B73DDF}.Release|Any CPU.Build.0 = Release|Any CPU
	EndGlobalSection
	GlobalSection(SolutionProperties) = preSolution
		HideSolutionNode = FALSE
	EndGlobalSection
	GlobalSection(ExtensibilityGlobals) = postSolution
		SolutionGuid = {D38232D8-12FA-4937-B52F-F8ADEEBC64B5}
	EndGlobalSection
EndGlobal
